
Microsoft Visual Studio Solution File, Format Version 12.00
# Visual Studio Version 16
VisualStudioVersion = 16.0.28803.352
MinimumVisualStudioVersion = 10.0.40219.1
Project("{2150E333-8FDC-42A3-9474-1A3956D46DE8}") = "Grade Summary", "Grade Summary", "{634FFE6F-F6E6-4421-8737-359F037BB874}"
EndProject
Project("{2150E333-8FDC-42A3-9474-1A3956D46DE8}") = "Program", "Program", "{25E50798-00A2-4ECA-8FAF-3C5FF528EAD7}"
EndProject
Project("{FAE04EC0-301F-11D3-BF4B-00C04F79EFBC}") = "GradeSummary", "Grade Summary\Program\GradeSummary\GradeSummary.csproj", "{569B67E0-4D50-4324-86BB-2CE7D9C14CF8}"
EndProject
Project("{2150E333-8FDC-42A3-9474-1A3956D46DE8}") = "Solution Items", "Solution Items", "{71917B2E-F25F-45D4-B23C-F38E2ECD8508}"
	ProjectSection(SolutionItems) = preProject
		.gitattributes = .gitattributes
		.gitignore = .gitignore
		README.md = README.md
	EndProjectSection
EndProject
Project("{2150E333-8FDC-42A3-9474-1A3956D46DE8}") = "Class Library", "Class Library", "{93DA071A-8495-43AC-A99B-2C2AF5BEFB20}"
EndProject
Project("{FAE04EC0-301F-11D3-BF4B-00C04F79EFBC}") = "SummaryGenerator", "Grade Summary\Class Library\SummaryGenerator\SummaryGenerator.csproj", "{D3EB19A0-B883-4BA9-98EB-BE37BC1E2631}"
EndProject
Global
	GlobalSection(SolutionConfigurationPlatforms) = preSolution
		Debug|Any CPU = Debug|Any CPU
		Release|Any CPU = Release|Any CPU
	EndGlobalSection
	GlobalSection(ProjectConfigurationPlatforms) = postSolution
		{569B67E0-4D50-4324-86BB-2CE7D9C14CF8}.Debug|Any CPU.ActiveCfg = Debug|Any CPU
		{569B67E0-4D50-4324-86BB-2CE7D9C14CF8}.Debug|Any CPU.Build.0 = Debug|Any CPU
		{569B67E0-4D50-4324-86BB-2CE7D9C14CF8}.Release|Any CPU.ActiveCfg = Release|Any CPU
		{569B67E0-4D50-4324-86BB-2CE7D9C14CF8}.Release|Any CPU.Build.0 = Release|Any CPU
		{D3EB19A0-B883-4BA9-98EB-BE37BC1E2631}.Debug|Any CPU.ActiveCfg = Debug|Any CPU
		{D3EB19A0-B883-4BA9-98EB-BE37BC1E2631}.Debug|Any CPU.Build.0 = Debug|Any CPU
		{D3EB19A0-B883-4BA9-98EB-BE37BC1E2631}.Release|Any CPU.ActiveCfg = Release|Any CPU
		{D3EB19A0-B883-4BA9-98EB-BE37BC1E2631}.Release|Any CPU.Build.0 = Release|Any CPU
	EndGlobalSection
	GlobalSection(SolutionProperties) = preSolution
		HideSolutionNode = FALSE
	EndGlobalSection
	GlobalSection(NestedProjects) = preSolution
		{25E50798-00A2-4ECA-8FAF-3C5FF528EAD7} = {634FFE6F-F6E6-4421-8737-359F037BB874}
		{569B67E0-4D50-4324-86BB-2CE7D9C14CF8} = {25E50798-00A2-4ECA-8FAF-3C5FF528EAD7}
		{93DA071A-8495-43AC-A99B-2C2AF5BEFB20} = {634FFE6F-F6E6-4421-8737-359F037BB874}
		{D3EB19A0-B883-4BA9-98EB-BE37BC1E2631} = {93DA071A-8495-43AC-A99B-2C2AF5BEFB20}
	EndGlobalSection
	GlobalSection(ExtensibilityGlobals) = postSolution
		SolutionGuid = {B043211D-AEDB-4105-82E1-6188DB54E837}
	EndGlobalSection
EndGlobal
